// !$*UTF8*$!
{
	archiveVersion = 1;
	classes = {
	};
	objectVersion = 55;
	objects = {

/* Begin PBXBuildFile section */
		C0056E3E289C116000EFF7E4 /* CoinDetailView.swift in Sources */ = {isa = PBXBuildFile; fileRef = C0056E3D289C116000EFF7E4 /* CoinDetailView.swift */; };
		C056AC9228A7B13E00174504 /* CryptoListPresenterImpl.swift in Sources */ = {isa = PBXBuildFile; fileRef = C056AC9128A7B13E00174504 /* CryptoListPresenterImpl.swift */; };
		C056AC9428A7B6C500174504 /* CryptoListProtocols.swift in Sources */ = {isa = PBXBuildFile; fileRef = C056AC9328A7B6C500174504 /* CryptoListProtocols.swift */; };
		C0C2934F289173CA00E54877 /* AppDelegate.swift in Sources */ = {isa = PBXBuildFile; fileRef = C0C2934E289173CA00E54877 /* AppDelegate.swift */; };
		C0C29351289173CA00E54877 /* SceneDelegate.swift in Sources */ = {isa = PBXBuildFile; fileRef = C0C29350289173CA00E54877 /* SceneDelegate.swift */; };
		C0C29353289173CA00E54877 /* LoginViewController.swift in Sources */ = {isa = PBXBuildFile; fileRef = C0C29352289173CA00E54877 /* LoginViewController.swift */; };
		C0C29358289173CC00E54877 /* Assets.xcassets in Resources */ = {isa = PBXBuildFile; fileRef = C0C29357289173CC00E54877 /* Assets.xcassets */; };
		C0C293632891755600E54877 /* Extensions.swift in Sources */ = {isa = PBXBuildFile; fileRef = C0C293622891755600E54877 /* Extensions.swift */; };
		C0C2936528918ED100E54877 /* CryptoListViewController.swift in Sources */ = {isa = PBXBuildFile; fileRef = C0C2936428918ED100E54877 /* CryptoListViewController.swift */; };
		C0C293672891942900E54877 /* Launch Screen.storyboard in Resources */ = {isa = PBXBuildFile; fileRef = C0C293662891942900E54877 /* Launch Screen.storyboard */; };
		C0C2936B2892D00900E54877 /* NetworkService.swift in Sources */ = {isa = PBXBuildFile; fileRef = C0C2936A2892D00900E54877 /* NetworkService.swift */; };
/* End PBXBuildFile section */

/* Begin PBXFileReference section */
		C0056E3D289C116000EFF7E4 /* CoinDetailView.swift */ = {isa = PBXFileReference; lastKnownFileType = sourcecode.swift; path = CoinDetailView.swift; sourceTree = "<group>"; };
		C056AC9128A7B13E00174504 /* CryptoListPresenterImpl.swift */ = {isa = PBXFileReference; lastKnownFileType = sourcecode.swift; path = CryptoListPresenterImpl.swift; sourceTree = "<group>"; };
		C056AC9328A7B6C500174504 /* CryptoListProtocols.swift */ = {isa = PBXFileReference; lastKnownFileType = sourcecode.swift; path = CryptoListProtocols.swift; sourceTree = "<group>"; };
		C0C2934B289173CA00E54877 /* CryptoWalletPro.app */ = {isa = PBXFileReference; explicitFileType = wrapper.application; includeInIndex = 0; path = CryptoWalletPro.app; sourceTree = BUILT_PRODUCTS_DIR; };
		C0C2934E289173CA00E54877 /* AppDelegate.swift */ = {isa = PBXFileReference; lastKnownFileType = sourcecode.swift; path = AppDelegate.swift; sourceTree = "<group>"; };
		C0C29350289173CA00E54877 /* SceneDelegate.swift */ = {isa = PBXFileReference; lastKnownFileType = sourcecode.swift; path = SceneDelegate.swift; sourceTree = "<group>"; };
		C0C29352289173CA00E54877 /* LoginViewController.swift */ = {isa = PBXFileReference; lastKnownFileType = sourcecode.swift; path = LoginViewController.swift; sourceTree = "<group>"; };
		C0C29357289173CC00E54877 /* Assets.xcassets */ = {isa = PBXFileReference; lastKnownFileType = folder.assetcatalog; path = Assets.xcassets; sourceTree = "<group>"; };
		C0C2935C289173CC00E54877 /* Info.plist */ = {isa = PBXFileReference; lastKnownFileType = text.plist.xml; path = Info.plist; sourceTree = "<group>"; };
		C0C293622891755600E54877 /* Extensions.swift */ = {isa = PBXFileReference; lastKnownFileType = sourcecode.swift; path = Extensions.swift; sourceTree = "<group>"; };
		C0C2936428918ED100E54877 /* CryptoListViewController.swift */ = {isa = PBXFileReference; lastKnownFileType = sourcecode.swift; path = CryptoListViewController.swift; sourceTree = "<group>"; };
		C0C293662891942900E54877 /* Launch Screen.storyboard */ = {isa = PBXFileReference; lastKnownFileType = file.storyboard; path = "Launch Screen.storyboard"; sourceTree = "<group>"; };
		C0C2936A2892D00900E54877 /* NetworkService.swift */ = {isa = PBXFileReference; lastKnownFileType = sourcecode.swift; path = NetworkService.swift; sourceTree = "<group>"; };
/* End PBXFileReference section */

/* Begin PBXFrameworksBuildPhase section */
		C0C29348289173CA00E54877 /* Frameworks */ = {
			isa = PBXFrameworksBuildPhase;
			buildActionMask = 2147483647;
			files = (
			);
			runOnlyForDeploymentPostprocessing = 0;
		};
/* End PBXFrameworksBuildPhase section */

/* Begin PBXGroup section */
		C056AC8C28A7B08C00174504 /* Modules */ = {
			isa = PBXGroup;
			children = (
				C056AC8F28A7B0E200174504 /* CoinDetail */,
				C056AC8E28A7B0AC00174504 /* CryptoList */,
				C056AC8D28A7B0A200174504 /* Login */,
			);
			path = Modules;
			sourceTree = "<group>";
		};
		C056AC8D28A7B0A200174504 /* Login */ = {
			isa = PBXGroup;
			children = (
				C0C29352289173CA00E54877 /* LoginViewController.swift */,
			);
			path = Login;
			sourceTree = "<group>";
		};
		C056AC8E28A7B0AC00174504 /* CryptoList */ = {
			isa = PBXGroup;
			children = (
				C0C2936428918ED100E54877 /* CryptoListViewController.swift */,
				C056AC9128A7B13E00174504 /* CryptoListPresenterImpl.swift */,
				C056AC9328A7B6C500174504 /* CryptoListProtocols.swift */,
			);
			path = CryptoList;
			sourceTree = "<group>";
		};
		C056AC8F28A7B0E200174504 /* CoinDetail */ = {
			isa = PBXGroup;
			children = (
				C0056E3D289C116000EFF7E4 /* CoinDetailView.swift */,
			);
			path = CoinDetail;
			sourceTree = "<group>";
		};
		C056AC9028A7B0FC00174504 /* Service */ = {
			isa = PBXGroup;
			children = (
				C0C2936A2892D00900E54877 /* NetworkService.swift */,
			);
			path = Service;
			sourceTree = "<group>";
		};
		C0C29342289173CA00E54877 = {
			isa = PBXGroup;
			children = (
				C0C2934D289173CA00E54877 /* CryptoWalletPro */,
				C0C2934C289173CA00E54877 /* Products */,
			);
			sourceTree = "<group>";
		};
		C0C2934C289173CA00E54877 /* Products */ = {
			isa = PBXGroup;
			children = (
				C0C2934B289173CA00E54877 /* CryptoWalletPro.app */,
			);
			name = Products;
			sourceTree = "<group>";
		};
		C0C2934D289173CA00E54877 /* CryptoWalletPro */ = {
			isa = PBXGroup;
			children = (
				C056AC9028A7B0FC00174504 /* Service */,
				C056AC8C28A7B08C00174504 /* Modules */,
				C0C2934E289173CA00E54877 /* AppDelegate.swift */,
				C0C29350289173CA00E54877 /* SceneDelegate.swift */,
				C0C293622891755600E54877 /* Extensions.swift */,
				C0C29357289173CC00E54877 /* Assets.xcassets */,
				C0C2935C289173CC00E54877 /* Info.plist */,
				C0C293662891942900E54877 /* Launch Screen.storyboard */,
			);
			path = CryptoWalletPro;
			sourceTree = "<group>";
		};
/* End PBXGroup section */

/* Begin PBXNativeTarget section */
		C0C2934A289173CA00E54877 /* CryptoWalletPro */ = {
			isa = PBXNativeTarget;
			buildConfigurationList = C0C2935F289173CC00E54877 /* Build configuration list for PBXNativeTarget "CryptoWalletPro" */;
			buildPhases = (
				C0C29347289173CA00E54877 /* Sources */,
				C0C29348289173CA00E54877 /* Frameworks */,
				C0C29349289173CA00E54877 /* Resources */,
			);
			buildRules = (
			);
			dependencies = (
			);
			name = CryptoWalletPro;
			productName = CryptoWalletPro;
			productReference = C0C2934B289173CA00E54877 /* CryptoWalletPro.app */;
			productType = "com.apple.product-type.application";
		};
/* End PBXNativeTarget section */

/* Begin PBXProject section */
		C0C29343289173CA00E54877 /* Project object */ = {
			isa = PBXProject;
			attributes = {
				BuildIndependentTargetsInParallel = 1;
				LastSwiftUpdateCheck = 1320;
				LastUpgradeCheck = 1320;
				TargetAttributes = {
					C0C2934A289173CA00E54877 = {
						CreatedOnToolsVersion = 13.2.1;
					};
				};
			};
			buildConfigurationList = C0C29346289173CA00E54877 /* Build configuration list for PBXProject "CryptoWalletPro" */;
			compatibilityVersion = "Xcode 13.0";
			developmentRegion = en;
			hasScannedForEncodings = 0;
			knownRegions = (
				en,
				Base,
			);
			mainGroup = C0C29342289173CA00E54877;
			productRefGroup = C0C2934C289173CA00E54877 /* Products */;
			projectDirPath = "";
			projectRoot = "";
			targets = (
				C0C2934A289173CA00E54877 /* CryptoWalletPro */,
			);
		};
/* End PBXProject section */

/* Begin PBXResourcesBuildPhase section */
		C0C29349289173CA00E54877 /* Resources */ = {
			isa = PBXResourcesBuildPhase;
			buildActionMask = 2147483647;
			files = (
				C0C293672891942900E54877 /* Launch Screen.storyboard in Resources */,
				C0C29358289173CC00E54877 /* Assets.xcassets in Resources */,
			);
			runOnlyForDeploymentPostprocessing = 0;
		};
/* End PBXResourcesBuildPhase section */

/* Begin PBXSourcesBuildPhase section */
		C0C29347289173CA00E54877 /* Sources */ = {
			isa = PBXSourcesBuildPhase;
			buildActionMask = 2147483647;
			files = (
				C056AC9428A7B6C500174504 /* CryptoListProtocols.swift in Sources */,
				C0C29353289173CA00E54877 /* LoginViewController.swift in Sources */,
				C056AC9228A7B13E00174504 /* CryptoListPresenterImpl.swift in Sources */,
				C0C2936528918ED100E54877 /* CryptoListViewController.swift in Sources */,
				C0C2934F289173CA00E54877 /* AppDelegate.swift in Sources */,
				C0C29351289173CA00E54877 /* SceneDelegate.swift in Sources */,
				C0C2936B2892D00900E54877 /* NetworkService.swift in Sources */,
				C0C293632891755600E54877 /* Extensions.swift in Sources */,
				C0056E3E289C116000EFF7E4 /* CoinDetailView.swift in Sources */,
			);
			runOnlyForDeploymentPostprocessing = 0;
		};
/* End PBXSourcesBuildPhase section */

/* Begin XCBuildConfiguration section */
		C0C2935D289173CC00E54877 /* Debug */ = {
			isa = XCBuildConfiguration;
			buildSettings = {
				ALWAYS_SEARCH_USER_PATHS = NO;
				CLANG_ANALYZER_NONNULL = YES;
				CLANG_ANALYZER_NUMBER_OBJECT_CONVERSION = YES_AGGRESSIVE;
				CLANG_CXX_LANGUAGE_STANDARD = "gnu++17";
				CLANG_CXX_LIBRARY = "libc++";
				CLANG_ENABLE_MODULES = YES;
				CLANG_ENABLE_OBJC_ARC = YES;
				CLANG_ENABLE_OBJC_WEAK = YES;
				CLANG_WARN_BLOCK_CAPTURE_AUTORELEASING = YES;
				CLANG_WARN_BOOL_CONVERSION = YES;
				CLANG_WARN_COMMA = YES;
				CLANG_WARN_CONSTANT_CONVERSION = YES;
				CLANG_WARN_DEPRECATED_OBJC_IMPLEMENTATIONS = YES;
				CLANG_WARN_DIRECT_OBJC_ISA_USAGE = YES_ERROR;
				CLANG_WARN_DOCUMENTATION_COMMENTS = YES;
				CLANG_WARN_EMPTY_BODY = YES;
				CLANG_WARN_ENUM_CONVERSION = YES;
				CLANG_WARN_INFINITE_RECURSION = YES;
				CLANG_WARN_INT_CONVERSION = YES;
				CLANG_WARN_NON_LITERAL_NULL_CONVERSION = YES;
				CLANG_WARN_OBJC_IMPLICIT_RETAIN_SELF = YES;
				CLANG_WARN_OBJC_LITERAL_CONVERSION = YES;
				CLANG_WARN_OBJC_ROOT_CLASS = YES_ERROR;
				CLANG_WARN_QUOTED_INCLUDE_IN_FRAMEWORK_HEADER = YES;
				CLANG_WARN_RANGE_LOOP_ANALYSIS = YES;
				CLANG_WARN_STRICT_PROTOTYPES = YES;
				CLANG_WARN_SUSPICIOUS_MOVE = YES;
				CLANG_WARN_UNGUARDED_AVAILABILITY = YES_AGGRESSIVE;
				CLANG_WARN_UNREACHABLE_CODE = YES;
				CLANG_WARN__DUPLICATE_METHOD_MATCH = YES;
				COPY_PHASE_STRIP = NO;
				DEBUG_INFORMATION_FORMAT = dwarf;
				ENABLE_STRICT_OBJC_MSGSEND = YES;
				ENABLE_TESTABILITY = YES;
				GCC_C_LANGUAGE_STANDARD = gnu11;
				GCC_DYNAMIC_NO_PIC = NO;
				GCC_NO_COMMON_BLOCKS = YES;
				GCC_OPTIMIZATION_LEVEL = 0;
				GCC_PREPROCESSOR_DEFINITIONS = (
					"DEBUG=1",
					"$(inherited)",
				);
				GCC_WARN_64_TO_32_BIT_CONVERSION = YES;
				GCC_WARN_ABOUT_RETURN_TYPE = YES_ERROR;
				GCC_WARN_UNDECLARED_SELECTOR = YES;
				GCC_WARN_UNINITIALIZED_AUTOS = YES_AGGRESSIVE;
				GCC_WARN_UNUSED_FUNCTION = YES;
				GCC_WARN_UNUSED_VARIABLE = YES;
				IPHONEOS_DEPLOYMENT_TARGET = 15.2;
				MTL_ENABLE_DEBUG_INFO = INCLUDE_SOURCE;
				MTL_FAST_MATH = YES;
				ONLY_ACTIVE_ARCH = YES;
				SDKROOT = iphoneos;
				SWIFT_ACTIVE_COMPILATION_CONDITIONS = DEBUG;
				SWIFT_OPTIMIZATION_LEVEL = "-Onone";
			};
			name = Debug;
		};
		C0C2935E289173CC00E54877 /* Release */ = {
			isa = XCBuildConfiguration;
			buildSettings = {
				ALWAYS_SEARCH_USER_PATHS = NO;
				CLANG_ANALYZER_NONNULL = YES;
				CLANG_ANALYZER_NUMBER_OBJECT_CONVERSION = YES_AGGRESSIVE;
				CLANG_CXX_LANGUAGE_STANDARD = "gnu++17";
				CLANG_CXX_LIBRARY = "libc++";
				CLANG_ENABLE_MODULES = YES;
				CLANG_ENABLE_OBJC_ARC = YES;
				CLANG_ENABLE_OBJC_WEAK = YES;
				CLANG_WARN_BLOCK_CAPTURE_AUTORELEASING = YES;
				CLANG_WARN_BOOL_CONVERSION = YES;
				CLANG_WARN_COMMA = YES;
				CLANG_WARN_CONSTANT_CONVERSION = YES;
				CLANG_WARN_DEPRECATED_OBJC_IMPLEMENTATIONS = YES;
				CLANG_WARN_DIRECT_OBJC_ISA_USAGE = YES_ERROR;
				CLANG_WARN_DOCUMENTATION_COMMENTS = YES;
				CLANG_WARN_EMPTY_BODY = YES;
				CLANG_WARN_ENUM_CONVERSION = YES;
				CLANG_WARN_INFINITE_RECURSION = YES;
				CLANG_WARN_INT_CONVERSION = YES;
				CLANG_WARN_NON_LITERAL_NULL_CONVERSION = YES;
				CLANG_WARN_OBJC_IMPLICIT_RETAIN_SELF = YES;
				CLANG_WARN_OBJC_LITERAL_CONVERSION = YES;
				CLANG_WARN_OBJC_ROOT_CLASS = YES_ERROR;
				CLANG_WARN_QUOTED_INCLUDE_IN_FRAMEWORK_HEADER = YES;
				CLANG_WARN_RANGE_LOOP_ANALYSIS = YES;
				CLANG_WARN_STRICT_PROTOTYPES = YES;
				CLANG_WARN_SUSPICIOUS_MOVE = YES;
				CLANG_WARN_UNGUARDED_AVAILABILITY = YES_AGGRESSIVE;
				CLANG_WARN_UNREACHABLE_CODE = YES;
				CLANG_WARN__DUPLICATE_METHOD_MATCH = YES;
				COPY_PHASE_STRIP = NO;
				DEBUG_INFORMATION_FORMAT = "dwarf-with-dsym";
				ENABLE_NS_ASSERTIONS = NO;
				ENABLE_STRICT_OBJC_MSGSEND = YES;
				GCC_C_LANGUAGE_STANDARD = gnu11;
				GCC_NO_COMMON_BLOCKS = YES;
				GCC_WARN_64_TO_32_BIT_CONVERSION = YES;
				GCC_WARN_ABOUT_RETURN_TYPE = YES_ERROR;
				GCC_WARN_UNDECLARED_SELECTOR = YES;
				GCC_WARN_UNINITIALIZED_AUTOS = YES_AGGRESSIVE;
				GCC_WARN_UNUSED_FUNCTION = YES;
				GCC_WARN_UNUSED_VARIABLE = YES;
				IPHONEOS_DEPLOYMENT_TARGET = 15.2;
				MTL_ENABLE_DEBUG_INFO = NO;
				MTL_FAST_MATH = YES;
				SDKROOT = iphoneos;
				SWIFT_COMPILATION_MODE = wholemodule;
				SWIFT_OPTIMIZATION_LEVEL = "-O";
				VALIDATE_PRODUCT = YES;
			};
			name = Release;
		};
		C0C29360289173CC00E54877 /* Debug */ = {
			isa = XCBuildConfiguration;
			buildSettings = {
				ASSETCATALOG_COMPILER_APPICON_NAME = AppIcon;
				ASSETCATALOG_COMPILER_GLOBAL_ACCENT_COLOR_NAME = AccentColor;
				CODE_SIGN_STYLE = Automatic;
				CURRENT_PROJECT_VERSION = 1;
				DEVELOPMENT_TEAM = UT75HNG6K2;
				GENERATE_INFOPLIST_FILE = YES;
				INFOPLIST_FILE = CryptoWalletPro/Info.plist;
				INFOPLIST_KEY_UIApplicationSupportsIndirectInputEvents = YES;
				INFOPLIST_KEY_UILaunchStoryboardName = "Launch Screen";
				INFOPLIST_KEY_UISupportedInterfaceOrientations_iPad = "UIInterfaceOrientationPortrait UIInterfaceOrientationPortraitUpsideDown UIInterfaceOrientationLandscapeLeft UIInterfaceOrientationLandscapeRight";
				INFOPLIST_KEY_UISupportedInterfaceOrientations_iPhone = "UIInterfaceOrientationPortrait UIInterfaceOrientationLandscapeLeft UIInterfaceOrientationLandscapeRight";
				LD_RUNPATH_SEARCH_PATHS = (
					"$(inherited)",
					"@executable_path/Frameworks",
				);
				MARKETING_VERSION = 1.0;
				PRODUCT_BUNDLE_IDENTIFIER = com.AlexeyGoncharov.CryptoWalletPro;
				PRODUCT_NAME = "$(TARGET_NAME)";
				SWIFT_EMIT_LOC_STRINGS = YES;
				SWIFT_VERSION = 5.0;
				TARGETED_DEVICE_FAMILY = "1,2";
			};
			name = Debug;
		};
		C0C29361289173CC00E54877 /* Release */ = {
			isa = XCBuildConfiguration;
			buildSettings = {
				ASSETCATALOG_COMPILER_APPICON_NAME = AppIcon;
				ASSETCATALOG_COMPILER_GLOBAL_ACCENT_COLOR_NAME = AccentColor;
				CODE_SIGN_STYLE = Automatic;
				CURRENT_PROJECT_VERSION = 1;
				DEVELOPMENT_TEAM = UT75HNG6K2;
				GENERATE_INFOPLIST_FILE = YES;
				INFOPLIST_FILE = CryptoWalletPro/Info.plist;
				INFOPLIST_KEY_UIApplicationSupportsIndirectInputEvents = YES;
				INFOPLIST_KEY_UILaunchStoryboardName = "Launch Screen";
				INFOPLIST_KEY_UISupportedInterfaceOrientations_iPad = "UIInterfaceOrientationPortrait UIInterfaceOrientationPortraitUpsideDown UIInterfaceOrientationLandscapeLeft UIInterfaceOrientationLandscapeRight";
				INFOPLIST_KEY_UISupportedInterfaceOrientations_iPhone = "UIInterfaceOrientationPortrait UIInterfaceOrientationLandscapeLeft UIInterfaceOrientationLandscapeRight";
				LD_RUNPATH_SEARCH_PATHS = (
					"$(inherited)",
					"@executable_path/Frameworks",
				);
				MARKETING_VERSION = 1.0;
				PRODUCT_BUNDLE_IDENTIFIER = com.AlexeyGoncharov.CryptoWalletPro;
				PRODUCT_NAME = "$(TARGET_NAME)";
				SWIFT_EMIT_LOC_STRINGS = YES;
				SWIFT_VERSION = 5.0;
				TARGETED_DEVICE_FAMILY = "1,2";
			};
			name = Release;
		};
/* End XCBuildConfiguration section */

/* Begin XCConfigurationList section */
		C0C29346289173CA00E54877 /* Build configuration list for PBXProject "CryptoWalletPro" */ = {
			isa = XCConfigurationList;
			buildConfigurations = (
				C0C2935D289173CC00E54877 /* Debug */,
				C0C2935E289173CC00E54877 /* Release */,
			);
			defaultConfigurationIsVisible = 0;
			defaultConfigurationName = Release;
		};
		C0C2935F289173CC00E54877 /* Build configuration list for PBXNativeTarget "CryptoWalletPro" */ = {
			isa = XCConfigurationList;
			buildConfigurations = (
				C0C29360289173CC00E54877 /* Debug */,
				C0C29361289173CC00E54877 /* Release */,
			);
			defaultConfigurationIsVisible = 0;
			defaultConfigurationName = Release;
		};
/* End XCConfigurationList section */
	};
	rootObject = C0C29343289173CA00E54877 /* Project object */;
}
